
Microsoft Visual Studio Solution File, Format Version 12.00
# Visual Studio 14
VisualStudioVersion = 14.0.25420.1
MinimumVisualStudioVersion = 10.0.40219.1
Project("{FAE04EC0-301F-11D3-BF4B-00C04F79EFBC}") = "BLL", "BLL\BLL.csproj", "{F561929F-1563-4D8D-AACD-3B9303DDF7E4}"
EndProject
Project("{FAE04EC0-301F-11D3-BF4B-00C04F79EFBC}") = "EL", "EL\EL.csproj", "{A10E6402-37A6-4124-8C4D-E84068875A66}"
EndProject
Project("{FAE04EC0-301F-11D3-BF4B-00C04F79EFBC}") = "FL", "FL\FL.csproj", "{E6A416D5-21D0-4ECA-B64E-47FCB5632C98}"
EndProject
Global
	GlobalSection(SolutionConfigurationPlatforms) = preSolution
		Debug|Any CPU = Debug|Any CPU
		Release|Any CPU = Release|Any CPU
	EndGlobalSection
	GlobalSection(ProjectConfigurationPlatforms) = postSolution
		{F561929F-1563-4D8D-AACD-3B9303DDF7E4}.Debug|Any CPU.ActiveCfg = Debug|Any CPU
		{F561929F-1563-4D8D-AACD-3B9303DDF7E4}.Debug|Any CPU.Build.0 = Debug|Any CPU
		{F561929F-1563-4D8D-AACD-3B9303DDF7E4}.Release|Any CPU.ActiveCfg = Release|Any CPU
		{F561929F-1563-4D8D-AACD-3B9303DDF7E4}.Release|Any CPU.Build.0 = Release|Any CPU
		{A10E6402-37A6-4124-8C4D-E84068875A66}.Debug|Any CPU.ActiveCfg = Debug|Any CPU
		{A10E6402-37A6-4124-8C4D-E84068875A66}.Debug|Any CPU.Build.0 = Debug|Any CPU
		{A10E6402-37A6-4124-8C4D-E84068875A66}.Release|Any CPU.ActiveCfg = Release|Any CPU
		{A10E6402-37A6-4124-8C4D-E84068875A66}.Release|Any CPU.Build.0 = Release|Any CPU
		{E6A416D5-21D0-4ECA-B64E-47FCB5632C98}.Debug|Any CPU.ActiveCfg = Debug|Any CPU
		{E6A416D5-21D0-4ECA-B64E-47FCB5632C98}.Debug|Any CPU.Build.0 = Debug|Any CPU
		{E6A416D5-21D0-4ECA-B64E-47FCB5632C98}.Release|Any CPU.ActiveCfg = Release|Any CPU
		{E6A416D5-21D0-4ECA-B64E-47FCB5632C98}.Release|Any CPU.Build.0 = Release|Any CPU
	EndGlobalSection
	GlobalSection(SolutionProperties) = preSolution
		HideSolutionNode = FALSE
	EndGlobalSection
EndGlobal
